Microsoft Visual Studio Solution File, Format Version 11.00
# Visual Studio 2010
Project("{8BC9CEB8-8B4A-11D0-8D11-00A0C91BC942}") = "list", "list.vcxproj", "{607FB021-0DA5-4049-81D0-8E04EB2261F0}"
EndProject
Global
	GlobalSection(SolutionConfigurationPlatforms) = preSolution
		Debug|Win32 = Debug|Win32
		Release|Win32 = Release|Win32
	EndGlobalSection
	GlobalSection(ProjectConfigurationPlatforms) = postSolution
		{607FB021-0DA5-4049-81D0-8E04EB2261F0}.Debug|Win32.ActiveCfg = Debug|Win32
		{607FB021-0DA5-4049-81D0-8E04EB2261F0}.Debug|Win32.Build.0 = Debug|Win32
		{607FB021-0DA5-4049-81D0-8E04EB2261F0}.Release|Win32.ActiveCfg = Release|Win32
		{607FB021-0DA5-4049-81D0-8E04EB2261F0}.Release|Win32.Build.0 = Release|Win32
	EndGlobalSection
	GlobalSection(SolutionProperties) = preSolution
		HideSolutionNode = FALSE
	EndGlobalSection
EndGlobal
