Microsoft Visual Studio Solution File, Format Version 11.00
# Visual Studio 2010
Project("{8BC9CEB8-8B4A-11D0-8D11-00A0C91BC942}") = "dx9", "dx9.vcxproj", "{F6E19BB8-123E-404F-9304-3766F9E301B9}"
EndProject
Global
	GlobalSection(SolutionConfigurationPlatforms) = preSolution
		Debug|Win32 = Debug|Win32
		Release|Win32 = Release|Win32
	EndGlobalSection
	GlobalSection(ProjectConfigurationPlatforms) = postSolution
		{F6E19BB8-123E-404F-9304-3766F9E301B9}.Debug|Win32.ActiveCfg = Debug|Win32
		{F6E19BB8-123E-404F-9304-3766F9E301B9}.Debug|Win32.Build.0 = Debug|Win32
		{F6E19BB8-123E-404F-9304-3766F9E301B9}.Release|Win32.ActiveCfg = Release|Win32
		{F6E19BB8-123E-404F-9304-3766F9E301B9}.Release|Win32.Build.0 = Release|Win32
	EndGlobalSection
	GlobalSection(SolutionProperties) = preSolution
		HideSolutionNode = FALSE
	EndGlobalSection
EndGlobal
