<?xml version="1.0" encoding="utf-8"?>
<Project ToolsVersion="4.0" xmlns="http://schemas.microsoft.com/developer/msbuild/2003">
  <ItemGroup>
    <Filter Include="Source Files">
      <UniqueIdentifier>{54fc3e91-d8eb-4f05-9010-fbc7fc19fe90}</UniqueIdentifier>
    </Filter>
    <Filter Include="Header Files">
      <UniqueIdentifier>{d983b4e7-5219-42f7-a757-948e21a4d14e}</UniqueIdentifier>
    </Filter>
  </ItemGroup>
  <ItemGroup>
    <ClCompile Include="clib.cpp">
      <Filter>Source Files</Filter>
    </ClCompile>
    <ClCompile Include="debug.cpp">
      <Filter>Source Files</Filter>
    </ClCompile>
    <ClCompile Include="math.cpp">
      <Filter>Source Files</Filter>
    </ClCompile>
    <ClCompile Include="mem_chek.cpp">
      <Filter>Source Files</Filter>
    </ClCompile>
    <ClCompile Include="mt.cpp">
      <Filter>Source Files</Filter>
    </ClCompile>
    <ClCompile Include="random.cpp">
      <Filter>Source Files</Filter>
    </ClCompile>
  </ItemGroup>
  <ItemGroup>
    <ClInclude Include="clib.h">
      <Filter>Header Files</Filter>
    </ClInclude>
    <ClInclude Include="mt.h">
      <Filter>Header Files</Filter>
    </ClInclude>
  </ItemGroup>
</Project>