<?xml version="1.0" encoding="utf-8"?>
<Project ToolsVersion="4.0" xmlns="http://schemas.microsoft.com/developer/msbuild/2003">
  <ItemGroup>
    <Filter Include="Source Files">
      <UniqueIdentifier>{4FC737F1-C7A5-4376-A066-2A32D752A2FF}</UniqueIdentifier>
      <Extensions>cpp;c;cc;cxx;def;odl;idl;hpj;bat;asm;asmx</Extensions>
    </Filter>
    <Filter Include="Header Files">
      <UniqueIdentifier>{93995380-89BD-4b04-88EB-625FBE52EBFB}</UniqueIdentifier>
      <Extensions>h;hpp;hxx;hm;inl;inc;xsd</Extensions>
    </Filter>
    <Filter Include="Resource Files">
      <UniqueIdentifier>{67DA6AB6-F800-4c08-8B7A-83BB121AAD01}</UniqueIdentifier>
      <Extensions>rc;ico;cur;bmp;dlg;rc2;rct;bin;rgs;gif;jpg;jpeg;jpe;resx;tiff;tif;png;wav;mfcribbon-ms</Extensions>
    </Filter>
  </ItemGroup>
  <ItemGroup>
    <ClCompile Include="bitmap.cpp">
      <Filter>Source Files</Filter>
    </ClCompile>
    <ClCompile Include="bmp.cpp">
      <Filter>Source Files</Filter>
    </ClCompile>
    <ClCompile Include="clip.cpp">
      <Filter>Source Files</Filter>
    </ClCompile>
    <ClCompile Include="clippoly.cpp">
      <Filter>Source Files</Filter>
    </ClCompile>
    <ClCompile Include="drawline.cpp">
      <Filter>Source Files</Filter>
    </ClCompile>
    <ClCompile Include="effect.cpp">
      <Filter>Source Files</Filter>
    </ClCompile>
    <ClCompile Include="fillpoly.cpp">
      <Filter>Source Files</Filter>
    </ClCompile>
    <ClCompile Include="fld_fill.cpp">
      <Filter>Source Files</Filter>
    </ClCompile>
    <ClCompile Include="gx_w7.cpp">
      <Filter>Source Files</Filter>
    </ClCompile>
    <ClCompile Include="gx3d.cpp">
      <Filter>Source Files</Filter>
    </ClCompile>
    <ClCompile Include="gx3d_blendmask.cpp">
      <Filter>Source Files</Filter>
    </ClCompile>
    <ClCompile Include="gx3d_blendnode.cpp">
      <Filter>Source Files</Filter>
    </ClCompile>
    <ClCompile Include="gx3d_blendtree.cpp">
      <Filter>Source Files</Filter>
    </ClCompile>
    <ClCompile Include="gx3d_boxtree.cpp">
      <Filter>Source Files</Filter>
    </ClCompile>
    <ClCompile Include="gx3d_bv.cpp">
      <Filter>Source Files</Filter>
    </ClCompile>
    <ClCompile Include="gx3d_camera.cpp">
      <Filter>Source Files</Filter>
    </ClCompile>
    <ClCompile Include="gx3d_collide.cpp">
      <Filter>Source Files</Filter>
    </ClCompile>
    <ClCompile Include="gx3d_distance.cpp">
      <Filter>Source Files</Filter>
    </ClCompile>
    <ClCompile Include="gx3d_globalpose.cpp">
      <Filter>Source Files</Filter>
    </ClCompile>
    <ClCompile Include="gx3d_globals.cpp">
      <Filter>Source Files</Filter>
    </ClCompile>
    <ClCompile Include="gx3d_gx3dbin.cpp">
      <Filter>Source Files</Filter>
    </ClCompile>
    <ClCompile Include="gx3d_intersect.cpp">
      <Filter>Source Files</Filter>
    </ClCompile>
    <ClCompile Include="gx3d_localpose.cpp">
      <Filter>Source Files</Filter>
    </ClCompile>
    <ClCompile Include="gx3d_lwo2.cpp">
      <Filter>Source Files</Filter>
    </ClCompile>
    <ClCompile Include="gx3d_lws.cpp">
      <Filter>Source Files</Filter>
    </ClCompile>
    <ClCompile Include="gx3d_math.cpp">
      <Filter>Source Files</Filter>
    </ClCompile>
    <ClCompile Include="gx3d_motion.cpp">
      <Filter>Source Files</Filter>
    </ClCompile>
    <ClCompile Include="gx3d_motionskeleton.cpp">
      <Filter>Source Files</Filter>
    </ClCompile>
    <ClCompile Include="gx3d_nearest.cpp">
      <Filter>Source Files</Filter>
    </ClCompile>
    <ClCompile Include="gx3d_object.cpp">
      <Filter>Source Files</Filter>
    </ClCompile>
    <ClCompile Include="gx3d_particlesystem.cpp">
      <Filter>Source Files</Filter>
    </ClCompile>
    <ClCompile Include="gx3d_quaternion.cpp">
      <Filter>Source Files</Filter>
    </ClCompile>
    <ClCompile Include="gx3d_relation.cpp">
      <Filter>Source Files</Filter>
    </ClCompile>
    <ClCompile Include="gx3d_skeleton.cpp">
      <Filter>Source Files</Filter>
    </ClCompile>
    <ClCompile Include="gx3d_texture.cpp">
      <Filter>Source Files</Filter>
    </ClCompile>
    <ClCompile Include="image.cpp">
      <Filter>Source Files</Filter>
    </ClCompile>
    <ClCompile Include="img_clr.cpp">
      <Filter>Source Files</Filter>
    </ClCompile>
    <ClCompile Include="lwo2.cpp">
      <Filter>Source Files</Filter>
    </ClCompile>
    <ClCompile Include="lwo2_print.cpp">
      <Filter>Source Files</Filter>
    </ClCompile>
    <ClCompile Include="lws.cpp">
      <Filter>Source Files</Filter>
    </ClCompile>
    <ClCompile Include="lws_print.cpp">
      <Filter>Source Files</Filter>
    </ClCompile>
    <ClCompile Include="palette.cpp">
      <Filter>Source Files</Filter>
    </ClCompile>
    <ClCompile Include="pcx.cpp">
      <Filter>Source Files</Filter>
    </ClCompile>
    <ClCompile Include="pixmap.cpp">
      <Filter>Source Files</Filter>
    </ClCompile>
    <ClCompile Include="prim.cpp">
      <Filter>Source Files</Filter>
    </ClCompile>
    <ClCompile Include="quantize.cpp">
      <Filter>Source Files</Filter>
    </ClCompile>
    <ClCompile Include="relation.cpp">
      <Filter>Source Files</Filter>
    </ClCompile>
    <ClCompile Include="rotate.cpp">
      <Filter>Source Files</Filter>
    </ClCompile>
    <ClCompile Include="scale.cpp">
      <Filter>Source Files</Filter>
    </ClCompile>
    <ClCompile Include="text.cpp">
      <Filter>Source Files</Filter>
    </ClCompile>
    <ClCompile Include="texture.cpp">
      <Filter>Source Files</Filter>
    </ClCompile>
    <ClCompile Include="virtual.cpp">
      <Filter>Source Files</Filter>
    </ClCompile>
  </ItemGroup>
  <ItemGroup>
    <ClInclude Include="bitmap.h">
      <Filter>Header Files</Filter>
    </ClInclude>
    <ClInclude Include="clippoly.h">
      <Filter>Header Files</Filter>
    </ClInclude>
    <ClInclude Include="dp.h">
      <Filter>Header Files</Filter>
    </ClInclude>
    <ClInclude Include="drawline.h">
      <Filter>Header Files</Filter>
    </ClInclude>
    <ClInclude Include="gx_w7.h">
      <Filter>Header Files</Filter>
    </ClInclude>
    <ClInclude Include="gx3d_globals.h">
      <Filter>Header Files</Filter>
    </ClInclude>
    <ClInclude Include="gx3d_gx3dbin.h">
      <Filter>Header Files</Filter>
    </ClInclude>
    <ClInclude Include="gx3d_lwo2.h">
      <Filter>Header Files</Filter>
    </ClInclude>
    <ClInclude Include="gx3d_lws.h">
      <Filter>Header Files</Filter>
    </ClInclude>
    <ClInclude Include="gx3dbin.h">
      <Filter>Header Files</Filter>
    </ClInclude>
    <ClInclude Include="image.h">
      <Filter>Header Files</Filter>
    </ClInclude>
    <ClInclude Include="img_clr.h">
      <Filter>Header Files</Filter>
    </ClInclude>
    <ClInclude Include="lwo2.h">
      <Filter>Header Files</Filter>
    </ClInclude>
    <ClInclude Include="lws.h">
      <Filter>Header Files</Filter>
    </ClInclude>
    <ClInclude Include="meta.h">
      <Filter>Header Files</Filter>
    </ClInclude>
    <ClInclude Include="quantize.h">
      <Filter>Header Files</Filter>
    </ClInclude>
    <ClInclude Include="texture.h">
      <Filter>Header Files</Filter>
    </ClInclude>
    <ClInclude Include="virtual.h">
      <Filter>Header Files</Filter>
    </ClInclude>
  </ItemGroup>
</Project>